
Microsoft Visual Studio Solution File, Format Version 12.00
# Visual Studio Version 17
VisualStudioVersion = 17.0.31521.260
MinimumVisualStudioVersion = 10.0.40219.1
Project("{FAE04EC0-301F-11D3-BF4B-00C04F79EFBC}") = "XamlCombine", "src\XamlCombine\XamlCombine.csproj", "{C284897A-C754-4E99-A37E-F782011BC541}"
EndProject
Global
	GlobalSection(SolutionConfigurationPlatforms) = preSolution
		Debug|Any CPU = Debug|Any CPU
		Release|Any CPU = Release|Any CPU
	EndGlobalSection
	GlobalSection(ProjectConfigurationPlatforms) = postSolution
		{C284897A-C754-4E99-A37E-F782011BC541}.Debug|Any CPU.ActiveCfg = Debug|Any CPU
		{C284897A-C754-4E99-A37E-F782011BC541}.Debug|Any CPU.Build.0 = Debug|Any CPU
		{C284897A-C754-4E99-A37E-F782011BC541}.Release|Any CPU.ActiveCfg = Release|Any CPU
		{C284897A-C754-4E99-A37E-F782011BC541}.Release|Any CPU.Build.0 = Release|Any CPU
	EndGlobalSection
	GlobalSection(SolutionProperties) = preSolution
		HideSolutionNode = FALSE
	EndGlobalSection
	GlobalSection(ExtensibilityGlobals) = postSolution
		SolutionGuid = {FA97E99B-C705-45FE-ABC5-5C009E7CF1F3}
	EndGlobalSection
EndGlobal
